
Microsoft Visual Studio Solution File, Format Version 12.00
# Visual Studio Version 16
VisualStudioVersion = 16.0.31624.102
MinimumVisualStudioVersion = 10.0.40219.1
Project("{FAE04EC0-301F-11D3-BF4B-00C04F79EFBC}") = "BENZİNLİK DENEME", "BENZİNLİK DENEME\BENZİNLİK DENEME.csproj", "{C9052A10-D530-4915-9612-01D5AF00C30F}"
EndProject
Global
	GlobalSection(SolutionConfigurationPlatforms) = preSolution
		Debug|Any CPU = Debug|Any CPU
		Release|Any CPU = Release|Any CPU
	EndGlobalSection
	GlobalSection(ProjectConfigurationPlatforms) = postSolution
		{C9052A10-D530-4915-9612-01D5AF00C30F}.Debug|Any CPU.ActiveCfg = Debug|Any CPU
		{C9052A10-D530-4915-9612-01D5AF00C30F}.Debug|Any CPU.Build.0 = Debug|Any CPU
		{C9052A10-D530-4915-9612-01D5AF00C30F}.Release|Any CPU.ActiveCfg = Release|Any CPU
		{C9052A10-D530-4915-9612-01D5AF00C30F}.Release|Any CPU.Build.0 = Release|Any CPU
	EndGlobalSection
	GlobalSection(SolutionProperties) = preSolution
		HideSolutionNode = FALSE
	EndGlobalSection
	GlobalSection(ExtensibilityGlobals) = postSolution
		SolutionGuid = {185C9C66-0B61-4E78-8182-006F98C3CDAA}
	EndGlobalSection
EndGlobal
